
Microsoft Visual Studio Solution File, Format Version 11.00
# Visual C++ Express 2010
Project("{8BC9CEB8-8B4A-11D0-8D11-00A0C91BC942}") = "Lab02", "Lab02\Lab02.vcxproj", "{C33D5CF5-42C5-4CB6-927A-0378CDBBB71D}"
EndProject
Global
	GlobalSection(SolutionConfigurationPlatforms) = preSolution
		Debug|Win32 = Debug|Win32
		Release|Win32 = Release|Win32
	EndGlobalSection
	GlobalSection(ProjectConfigurationPlatforms) = postSolution
		{C33D5CF5-42C5-4CB6-927A-0378CDBBB71D}.Debug|Win32.ActiveCfg = Debug|Win32
		{C33D5CF5-42C5-4CB6-927A-0378CDBBB71D}.Debug|Win32.Build.0 = Debug|Win32
		{C33D5CF5-42C5-4CB6-927A-0378CDBBB71D}.Release|Win32.ActiveCfg = Release|Win32
		{C33D5CF5-42C5-4CB6-927A-0378CDBBB71D}.Release|Win32.Build.0 = Release|Win32
	EndGlobalSection
	GlobalSection(SolutionProperties) = preSolution
		HideSolutionNode = FALSE
	EndGlobalSection
EndGlobal
