
Microsoft Visual Studio Solution File, Format Version 11.00
# Visual C++ Express 2010
Project("{8BC9CEB8-8B4A-11D0-8D11-00A0C91BC942}") = "Lab10", "Lab10\Lab10.vcxproj", "{19493DA8-FB14-4190-9E09-FF9FEB4D0229}"
EndProject
Global
	GlobalSection(SolutionConfigurationPlatforms) = preSolution
		Debug|Win32 = Debug|Win32
		Release|Win32 = Release|Win32
	EndGlobalSection
	GlobalSection(ProjectConfigurationPlatforms) = postSolution
		{19493DA8-FB14-4190-9E09-FF9FEB4D0229}.Debug|Win32.ActiveCfg = Debug|Win32
		{19493DA8-FB14-4190-9E09-FF9FEB4D0229}.Debug|Win32.Build.0 = Debug|Win32
		{19493DA8-FB14-4190-9E09-FF9FEB4D0229}.Release|Win32.ActiveCfg = Release|Win32
		{19493DA8-FB14-4190-9E09-FF9FEB4D0229}.Release|Win32.Build.0 = Release|Win32
	EndGlobalSection
	GlobalSection(SolutionProperties) = preSolution
		HideSolutionNode = FALSE
	EndGlobalSection
EndGlobal
