
Microsoft Visual Studio Solution File, Format Version 11.00
# Visual C++ Express 2010
Project("{8BC9CEB8-8B4A-11D0-8D11-00A0C91BC942}") = "Proj2a", "Proj2a\Proj2a.vcxproj", "{9C63430E-00F2-4F86-8AC9-2D677DE7AAA5}"
EndProject
Global
	GlobalSection(SolutionConfigurationPlatforms) = preSolution
		Debug|Win32 = Debug|Win32
		Release|Win32 = Release|Win32
	EndGlobalSection
	GlobalSection(ProjectConfigurationPlatforms) = postSolution
		{9C63430E-00F2-4F86-8AC9-2D677DE7AAA5}.Debug|Win32.ActiveCfg = Debug|Win32
		{9C63430E-00F2-4F86-8AC9-2D677DE7AAA5}.Debug|Win32.Build.0 = Debug|Win32
		{9C63430E-00F2-4F86-8AC9-2D677DE7AAA5}.Release|Win32.ActiveCfg = Release|Win32
		{9C63430E-00F2-4F86-8AC9-2D677DE7AAA5}.Release|Win32.Build.0 = Release|Win32
	EndGlobalSection
	GlobalSection(SolutionProperties) = preSolution
		HideSolutionNode = FALSE
	EndGlobalSection
EndGlobal
